// !$*UTF8*$!
{
	archiveVersion = 1;
	classes = {
	};
	objectVersion = 56;
	objects = {

/* Begin PBXBuildFile section */
		F833CFD02B3493A200FE12C2 /* AppDelegate.swift in Sources */ = {isa = PBXBuildFile; fileRef = F833CFCF2B3493A200FE12C2 /* AppDelegate.swift */; };
		F833CFD22B3493A200FE12C2 /* SceneDelegate.swift in Sources */ = {isa = PBXBuildFile; fileRef = F833CFD12B3493A200FE12C2 /* SceneDelegate.swift */; };
		F833CFD92B3493A400FE12C2 /* Assets.xcassets in Resources */ = {isa = PBXBuildFile; fileRef = F833CFD82B3493A400FE12C2 /* Assets.xcassets */; };
		F833CFDC2B3493A400FE12C2 /* LaunchScreen.storyboard in Resources */ = {isa = PBXBuildFile; fileRef = F833CFDA2B3493A400FE12C2 /* LaunchScreen.storyboard */; };
		F833CFEB2B34966100FE12C2 /* RMLocation.swift in Sources */ = {isa = PBXBuildFile; fileRef = F833CFEA2B34966100FE12C2 /* RMLocation.swift */; };
		F833CFED2B34967200FE12C2 /* RMCharacter.swift in Sources */ = {isa = PBXBuildFile; fileRef = F833CFEC2B34967200FE12C2 /* RMCharacter.swift */; };
		F833CFEF2B34968200FE12C2 /* RMEpisode.swift in Sources */ = {isa = PBXBuildFile; fileRef = F833CFEE2B34968200FE12C2 /* RMEpisode.swift */; };
		F833CFF12B3496CD00FE12C2 /* RMTabBarController.swift in Sources */ = {isa = PBXBuildFile; fileRef = F833CFF02B3496CD00FE12C2 /* RMTabBarController.swift */; };
		F833CFF32B34970100FE12C2 /* RMCharacterVC.swift in Sources */ = {isa = PBXBuildFile; fileRef = F833CFF22B34970000FE12C2 /* RMCharacterVC.swift */; };
		F833CFF52B34971800FE12C2 /* RMLocationVC.swift in Sources */ = {isa = PBXBuildFile; fileRef = F833CFF42B34971800FE12C2 /* RMLocationVC.swift */; };
		F833CFF72B34972E00FE12C2 /* RMEpisodeVC.swift in Sources */ = {isa = PBXBuildFile; fileRef = F833CFF62B34972E00FE12C2 /* RMEpisodeVC.swift */; };
		F833CFFA2B34974F00FE12C2 /* RMSettingsVC.swift in Sources */ = {isa = PBXBuildFile; fileRef = F833CFF92B34974F00FE12C2 /* RMSettingsVC.swift */; };
/* End PBXBuildFile section */

/* Begin PBXFileReference section */
		F833CFCC2B3493A200FE12C2 /* RickAndMorty.app */ = {isa = PBXFileReference; explicitFileType = wrapper.application; includeInIndex = 0; path = RickAndMorty.app; sourceTree = BUILT_PRODUCTS_DIR; };
		F833CFCF2B3493A200FE12C2 /* AppDelegate.swift */ = {isa = PBXFileReference; lastKnownFileType = sourcecode.swift; path = AppDelegate.swift; sourceTree = "<group>"; };
		F833CFD12B3493A200FE12C2 /* SceneDelegate.swift */ = {isa = PBXFileReference; lastKnownFileType = sourcecode.swift; path = SceneDelegate.swift; sourceTree = "<group>"; };
		F833CFD82B3493A400FE12C2 /* Assets.xcassets */ = {isa = PBXFileReference; lastKnownFileType = folder.assetcatalog; path = Assets.xcassets; sourceTree = "<group>"; };
		F833CFDB2B3493A400FE12C2 /* Base */ = {isa = PBXFileReference; lastKnownFileType = file.storyboard; name = Base; path = Base.lproj/LaunchScreen.storyboard; sourceTree = "<group>"; };
		F833CFDD2B3493A400FE12C2 /* Info.plist */ = {isa = PBXFileReference; lastKnownFileType = text.plist.xml; path = Info.plist; sourceTree = "<group>"; };
		F833CFEA2B34966100FE12C2 /* RMLocation.swift */ = {isa = PBXFileReference; lastKnownFileType = sourcecode.swift; path = RMLocation.swift; sourceTree = "<group>"; };
		F833CFEC2B34967200FE12C2 /* RMCharacter.swift */ = {isa = PBXFileReference; lastKnownFileType = sourcecode.swift; path = RMCharacter.swift; sourceTree = "<group>"; };
		F833CFEE2B34968200FE12C2 /* RMEpisode.swift */ = {isa = PBXFileReference; lastKnownFileType = sourcecode.swift; path = RMEpisode.swift; sourceTree = "<group>"; };
		F833CFF02B3496CD00FE12C2 /* RMTabBarController.swift */ = {isa = PBXFileReference; lastKnownFileType = sourcecode.swift; path = RMTabBarController.swift; sourceTree = "<group>"; };
		F833CFF22B34970000FE12C2 /* RMCharacterVC.swift */ = {isa = PBXFileReference; lastKnownFileType = sourcecode.swift; path = RMCharacterVC.swift; sourceTree = "<group>"; };
		F833CFF42B34971800FE12C2 /* RMLocationVC.swift */ = {isa = PBXFileReference; lastKnownFileType = sourcecode.swift; path = RMLocationVC.swift; sourceTree = "<group>"; };
		F833CFF62B34972E00FE12C2 /* RMEpisodeVC.swift */ = {isa = PBXFileReference; lastKnownFileType = sourcecode.swift; path = RMEpisodeVC.swift; sourceTree = "<group>"; };
		F833CFF92B34974F00FE12C2 /* RMSettingsVC.swift */ = {isa = PBXFileReference; lastKnownFileType = sourcecode.swift; path = RMSettingsVC.swift; sourceTree = "<group>"; };
/* End PBXFileReference section */

/* Begin PBXFrameworksBuildPhase section */
		F833CFC92B3493A200FE12C2 /* Frameworks */ = {
			isa = PBXFrameworksBuildPhase;
			buildActionMask = 2147483647;
			files = (
			);
			runOnlyForDeploymentPostprocessing = 0;
		};
/* End PBXFrameworksBuildPhase section */

/* Begin PBXGroup section */
		F833CFC32B3493A200FE12C2 = {
			isa = PBXGroup;
			children = (
				F833CFCE2B3493A200FE12C2 /* RickAndMorty */,
				F833CFCD2B3493A200FE12C2 /* Products */,
			);
			sourceTree = "<group>";
		};
		F833CFCD2B3493A200FE12C2 /* Products */ = {
			isa = PBXGroup;
			children = (
				F833CFCC2B3493A200FE12C2 /* RickAndMorty.app */,
			);
			name = Products;
			sourceTree = "<group>";
		};
		F833CFCE2B3493A200FE12C2 /* RickAndMorty */ = {
			isa = PBXGroup;
			children = (
				F833CFE92B3494F100FE12C2 /* Resources */,
				F833CFE82B3494E700FE12C2 /* Managers */,
				F833CFE72B3494DE00FE12C2 /* APIClients */,
				F833CFE62B3494D200FE12C2 /* ViewModels */,
				F833CFE52B3494C500FE12C2 /* Views */,
				F833CFE42B3494BC00FE12C2 /* Models */,
				F833CFE32B3494B300FE12C2 /* Controllers */,
				F833CFDD2B3493A400FE12C2 /* Info.plist */,
			);
			path = RickAndMorty;
			sourceTree = "<group>";
		};
		F833CFE32B3494B300FE12C2 /* Controllers */ = {
			isa = PBXGroup;
			children = (
				F833CFF82B34973200FE12C2 /* Core */,
			);
			path = Controllers;
			sourceTree = "<group>";
		};
		F833CFE42B3494BC00FE12C2 /* Models */ = {
			isa = PBXGroup;
			children = (
				F833CFEA2B34966100FE12C2 /* RMLocation.swift */,
				F833CFEC2B34967200FE12C2 /* RMCharacter.swift */,
				F833CFEE2B34968200FE12C2 /* RMEpisode.swift */,
			);
			path = Models;
			sourceTree = "<group>";
		};
		F833CFE52B3494C500FE12C2 /* Views */ = {
			isa = PBXGroup;
			children = (
			);
			path = Views;
			sourceTree = "<group>";
		};
		F833CFE62B3494D200FE12C2 /* ViewModels */ = {
			isa = PBXGroup;
			children = (
			);
			path = ViewModels;
			sourceTree = "<group>";
		};
		F833CFE72B3494DE00FE12C2 /* APIClients */ = {
			isa = PBXGroup;
			children = (
			);
			path = APIClients;
			sourceTree = "<group>";
		};
		F833CFE82B3494E700FE12C2 /* Managers */ = {
			isa = PBXGroup;
			children = (
			);
			path = Managers;
			sourceTree = "<group>";
		};
		F833CFE92B3494F100FE12C2 /* Resources */ = {
			isa = PBXGroup;
			children = (
				F833CFCF2B3493A200FE12C2 /* AppDelegate.swift */,
				F833CFD12B3493A200FE12C2 /* SceneDelegate.swift */,
				F833CFD82B3493A400FE12C2 /* Assets.xcassets */,
				F833CFDA2B3493A400FE12C2 /* LaunchScreen.storyboard */,
			);
			path = Resources;
			sourceTree = "<group>";
		};
		F833CFF82B34973200FE12C2 /* Core */ = {
			isa = PBXGroup;
			children = (
				F833CFF02B3496CD00FE12C2 /* RMTabBarController.swift */,
				F833CFF22B34970000FE12C2 /* RMCharacterVC.swift */,
				F833CFF42B34971800FE12C2 /* RMLocationVC.swift */,
				F833CFF62B34972E00FE12C2 /* RMEpisodeVC.swift */,
				F833CFF92B34974F00FE12C2 /* RMSettingsVC.swift */,
			);
			path = Core;
			sourceTree = "<group>";
		};
/* End PBXGroup section */

/* Begin PBXNativeTarget section */
		F833CFCB2B3493A200FE12C2 /* RickAndMorty */ = {
			isa = PBXNativeTarget;
			buildConfigurationList = F833CFE02B3493A400FE12C2 /* Build configuration list for PBXNativeTarget "RickAndMorty" */;
			buildPhases = (
				F833CFC82B3493A200FE12C2 /* Sources */,
				F833CFC92B3493A200FE12C2 /* Frameworks */,
				F833CFCA2B3493A200FE12C2 /* Resources */,
			);
			buildRules = (
			);
			dependencies = (
			);
			name = RickAndMorty;
			productName = RickAndMorty;
			productReference = F833CFCC2B3493A200FE12C2 /* RickAndMorty.app */;
			productType = "com.apple.product-type.application";
		};
/* End PBXNativeTarget section */

/* Begin PBXProject section */
		F833CFC42B3493A200FE12C2 /* Project object */ = {
			isa = PBXProject;
			attributes = {
				BuildIndependentTargetsInParallel = 1;
				LastSwiftUpdateCheck = 1510;
				LastUpgradeCheck = 1510;
				TargetAttributes = {
					F833CFCB2B3493A200FE12C2 = {
						CreatedOnToolsVersion = 15.1;
					};
				};
			};
			buildConfigurationList = F833CFC72B3493A200FE12C2 /* Build configuration list for PBXProject "RickAndMorty" */;
			compatibilityVersion = "Xcode 14.0";
			developmentRegion = en;
			hasScannedForEncodings = 0;
			knownRegions = (
				en,
				Base,
			);
			mainGroup = F833CFC32B3493A200FE12C2;
			productRefGroup = F833CFCD2B3493A200FE12C2 /* Products */;
			projectDirPath = "";
			projectRoot = "";
			targets = (
				F833CFCB2B3493A200FE12C2 /* RickAndMorty */,
			);
		};
/* End PBXProject section */

/* Begin PBXResourcesBuildPhase section */
		F833CFCA2B3493A200FE12C2 /* Resources */ = {
			isa = PBXResourcesBuildPhase;
			buildActionMask = 2147483647;
			files = (
				F833CFDC2B3493A400FE12C2 /* LaunchScreen.storyboard in Resources */,
				F833CFD92B3493A400FE12C2 /* Assets.xcassets in Resources */,
			);
			runOnlyForDeploymentPostprocessing = 0;
		};
/* End PBXResourcesBuildPhase section */

/* Begin PBXSourcesBuildPhase section */
		F833CFC82B3493A200FE12C2 /* Sources */ = {
			isa = PBXSourcesBuildPhase;
			buildActionMask = 2147483647;
			files = (
				F833CFF52B34971800FE12C2 /* RMLocationVC.swift in Sources */,
				F833CFEF2B34968200FE12C2 /* RMEpisode.swift in Sources */,
				F833CFFA2B34974F00FE12C2 /* RMSettingsVC.swift in Sources */,
				F833CFD02B3493A200FE12C2 /* AppDelegate.swift in Sources */,
				F833CFF32B34970100FE12C2 /* RMCharacterVC.swift in Sources */,
				F833CFD22B3493A200FE12C2 /* SceneDelegate.swift in Sources */,
				F833CFEB2B34966100FE12C2 /* RMLocation.swift in Sources */,
				F833CFF72B34972E00FE12C2 /* RMEpisodeVC.swift in Sources */,
				F833CFF12B3496CD00FE12C2 /* RMTabBarController.swift in Sources */,
				F833CFED2B34967200FE12C2 /* RMCharacter.swift in Sources */,
			);
			runOnlyForDeploymentPostprocessing = 0;
		};
/* End PBXSourcesBuildPhase section */

/* Begin PBXVariantGroup section */
		F833CFDA2B3493A400FE12C2 /* LaunchScreen.storyboard */ = {
			isa = PBXVariantGroup;
			children = (
				F833CFDB2B3493A400FE12C2 /* Base */,
			);
			name = LaunchScreen.storyboard;
			sourceTree = "<group>";
		};
/* End PBXVariantGroup section */

/* Begin XCBuildConfiguration section */
		F833CFDE2B3493A400FE12C2 /* Debug */ = {
			isa = XCBuildConfiguration;
			buildSettings = {
				ALWAYS_SEARCH_USER_PATHS = NO;
				ASSETCATALOG_COMPILER_GENERATE_SWIFT_ASSET_SYMBOL_EXTENSIONS = YES;
				CLANG_ANALYZER_NONNULL = YES;
				CLANG_ANALYZER_NUMBER_OBJECT_CONVERSION = YES_AGGRESSIVE;
				CLANG_CXX_LANGUAGE_STANDARD = "gnu++20";
				CLANG_ENABLE_MODULES = YES;
				CLANG_ENABLE_OBJC_ARC = YES;
				CLANG_ENABLE_OBJC_WEAK = YES;
				CLANG_WARN_BLOCK_CAPTURE_AUTORELEASING = YES;
				CLANG_WARN_BOOL_CONVERSION = YES;
				CLANG_WARN_COMMA = YES;
				CLANG_WARN_CONSTANT_CONVERSION = YES;
				CLANG_WARN_DEPRECATED_OBJC_IMPLEMENTATIONS = YES;
				CLANG_WARN_DIRECT_OBJC_ISA_USAGE = YES_ERROR;
				CLANG_WARN_DOCUMENTATION_COMMENTS = YES;
				CLANG_WARN_EMPTY_BODY = YES;
				CLANG_WARN_ENUM_CONVERSION = YES;
				CLANG_WARN_INFINITE_RECURSION = YES;
				CLANG_WARN_INT_CONVERSION = YES;
				CLANG_WARN_NON_LITERAL_NULL_CONVERSION = YES;
				CLANG_WARN_OBJC_IMPLICIT_RETAIN_SELF = YES;
				CLANG_WARN_OBJC_LITERAL_CONVERSION = YES;
				CLANG_WARN_OBJC_ROOT_CLASS = YES_ERROR;
				CLANG_WARN_QUOTED_INCLUDE_IN_FRAMEWORK_HEADER = YES;
				CLANG_WARN_RANGE_LOOP_ANALYSIS = YES;
				CLANG_WARN_STRICT_PROTOTYPES = YES;
				CLANG_WARN_SUSPICIOUS_MOVE = YES;
				CLANG_WARN_UNGUARDED_AVAILABILITY = YES_AGGRESSIVE;
				CLANG_WARN_UNREACHABLE_CODE = YES;
				CLANG_WARN__DUPLICATE_METHOD_MATCH = YES;
				COPY_PHASE_STRIP = NO;
				DEBUG_INFORMATION_FORMAT = dwarf;
				ENABLE_STRICT_OBJC_MSGSEND = YES;
				ENABLE_TESTABILITY = YES;
				ENABLE_USER_SCRIPT_SANDBOXING = YES;
				GCC_C_LANGUAGE_STANDARD = gnu17;
				GCC_DYNAMIC_NO_PIC = NO;
				GCC_NO_COMMON_BLOCKS = YES;
				GCC_OPTIMIZATION_LEVEL = 0;
				GCC_PREPROCESSOR_DEFINITIONS = (
					"DEBUG=1",
					"$(inherited)",
				);
				GCC_WARN_64_TO_32_BIT_CONVERSION = YES;
				GCC_WARN_ABOUT_RETURN_TYPE = YES_ERROR;
				GCC_WARN_UNDECLARED_SELECTOR = YES;
				GCC_WARN_UNINITIALIZED_AUTOS = YES_AGGRESSIVE;
				GCC_WARN_UNUSED_FUNCTION = YES;
				GCC_WARN_UNUSED_VARIABLE = YES;
				IPHONEOS_DEPLOYMENT_TARGET = 17.2;
				LOCALIZATION_PREFERS_STRING_CATALOGS = YES;
				MTL_ENABLE_DEBUG_INFO = INCLUDE_SOURCE;
				MTL_FAST_MATH = YES;
				ONLY_ACTIVE_ARCH = YES;
				SDKROOT = iphoneos;
				SWIFT_ACTIVE_COMPILATION_CONDITIONS = "DEBUG $(inherited)";
				SWIFT_OPTIMIZATION_LEVEL = "-Onone";
			};
			name = Debug;
		};
		F833CFDF2B3493A400FE12C2 /* Release */ = {
			isa = XCBuildConfiguration;
			buildSettings = {
				ALWAYS_SEARCH_USER_PATHS = NO;
				ASSETCATALOG_COMPILER_GENERATE_SWIFT_ASSET_SYMBOL_EXTENSIONS = YES;
				CLANG_ANALYZER_NONNULL = YES;
				CLANG_ANALYZER_NUMBER_OBJECT_CONVERSION = YES_AGGRESSIVE;
				CLANG_CXX_LANGUAGE_STANDARD = "gnu++20";
				CLANG_ENABLE_MODULES = YES;
				CLANG_ENABLE_OBJC_ARC = YES;
				CLANG_ENABLE_OBJC_WEAK = YES;
				CLANG_WARN_BLOCK_CAPTURE_AUTORELEASING = YES;
				CLANG_WARN_BOOL_CONVERSION = YES;
				CLANG_WARN_COMMA = YES;
				CLANG_WARN_CONSTANT_CONVERSION = YES;
				CLANG_WARN_DEPRECATED_OBJC_IMPLEMENTATIONS = YES;
				CLANG_WARN_DIRECT_OBJC_ISA_USAGE = YES_ERROR;
				CLANG_WARN_DOCUMENTATION_COMMENTS = YES;
				CLANG_WARN_EMPTY_BODY = YES;
				CLANG_WARN_ENUM_CONVERSION = YES;
				CLANG_WARN_INFINITE_RECURSION = YES;
				CLANG_WARN_INT_CONVERSION = YES;
				CLANG_WARN_NON_LITERAL_NULL_CONVERSION = YES;
				CLANG_WARN_OBJC_IMPLICIT_RETAIN_SELF = YES;
				CLANG_WARN_OBJC_LITERAL_CONVERSION = YES;
				CLANG_WARN_OBJC_ROOT_CLASS = YES_ERROR;
				CLANG_WARN_QUOTED_INCLUDE_IN_FRAMEWORK_HEADER = YES;
				CLANG_WARN_RANGE_LOOP_ANALYSIS = YES;
				CLANG_WARN_STRICT_PROTOTYPES = YES;
				CLANG_WARN_SUSPICIOUS_MOVE = YES;
				CLANG_WARN_UNGUARDED_AVAILABILITY = YES_AGGRESSIVE;
				CLANG_WARN_UNREACHABLE_CODE = YES;
				CLANG_WARN__DUPLICATE_METHOD_MATCH = YES;
				COPY_PHASE_STRIP = NO;
				DEBUG_INFORMATION_FORMAT = "dwarf-with-dsym";
				ENABLE_NS_ASSERTIONS = NO;
				ENABLE_STRICT_OBJC_MSGSEND = YES;
				ENABLE_USER_SCRIPT_SANDBOXING = YES;
				GCC_C_LANGUAGE_STANDARD = gnu17;
				GCC_NO_COMMON_BLOCKS = YES;
				GCC_WARN_64_TO_32_BIT_CONVERSION = YES;
				GCC_WARN_ABOUT_RETURN_TYPE = YES_ERROR;
				GCC_WARN_UNDECLARED_SELECTOR = YES;
				GCC_WARN_UNINITIALIZED_AUTOS = YES_AGGRESSIVE;
				GCC_WARN_UNUSED_FUNCTION = YES;
				GCC_WARN_UNUSED_VARIABLE = YES;
				IPHONEOS_DEPLOYMENT_TARGET = 17.2;
				LOCALIZATION_PREFERS_STRING_CATALOGS = YES;
				MTL_ENABLE_DEBUG_INFO = NO;
				MTL_FAST_MATH = YES;
				SDKROOT = iphoneos;
				SWIFT_COMPILATION_MODE = wholemodule;
				VALIDATE_PRODUCT = YES;
			};
			name = Release;
		};
		F833CFE12B3493A400FE12C2 /* Debug */ = {
			isa = XCBuildConfiguration;
			buildSettings = {
				ASSETCATALOG_COMPILER_APPICON_NAME = AppIcon;
				ASSETCATALOG_COMPILER_GLOBAL_ACCENT_COLOR_NAME = AccentColor;
				CODE_SIGN_STYLE = Automatic;
				CURRENT_PROJECT_VERSION = 1;
				DEVELOPMENT_TEAM = 6252C56UB4;
				GENERATE_INFOPLIST_FILE = YES;
				INFOPLIST_FILE = RickAndMorty/Info.plist;
				INFOPLIST_KEY_UIApplicationSupportsIndirectInputEvents = YES;
				INFOPLIST_KEY_UILaunchStoryboardName = LaunchScreen;
				INFOPLIST_KEY_UISupportedInterfaceOrientations_iPad = "UIInterfaceOrientationPortrait UIInterfaceOrientationPortraitUpsideDown UIInterfaceOrientationLandscapeLeft UIInterfaceOrientationLandscapeRight";
				INFOPLIST_KEY_UISupportedInterfaceOrientations_iPhone = "UIInterfaceOrientationPortrait UIInterfaceOrientationLandscapeLeft UIInterfaceOrientationLandscapeRight";
				LD_RUNPATH_SEARCH_PATHS = (
					"$(inherited)",
					"@executable_path/Frameworks",
				);
				MARKETING_VERSION = 1.0;
				PRODUCT_BUNDLE_IDENTIFIER = "io.shah.Rick-Morty.RickAndMorty";
				PRODUCT_NAME = "$(TARGET_NAME)";
				SWIFT_EMIT_LOC_STRINGS = YES;
				SWIFT_VERSION = 5.0;
				TARGETED_DEVICE_FAMILY = "1,2";
			};
			name = Debug;
		};
		F833CFE22B3493A400FE12C2 /* Release */ = {
			isa = XCBuildConfiguration;
			buildSettings = {
				ASSETCATALOG_COMPILER_APPICON_NAME = AppIcon;
				ASSETCATALOG_COMPILER_GLOBAL_ACCENT_COLOR_NAME = AccentColor;
				CODE_SIGN_STYLE = Automatic;
				CURRENT_PROJECT_VERSION = 1;
				DEVELOPMENT_TEAM = 6252C56UB4;
				GENERATE_INFOPLIST_FILE = YES;
				INFOPLIST_FILE = RickAndMorty/Info.plist;
				INFOPLIST_KEY_UIApplicationSupportsIndirectInputEvents = YES;
				INFOPLIST_KEY_UILaunchStoryboardName = LaunchScreen;
				INFOPLIST_KEY_UISupportedInterfaceOrientations_iPad = "UIInterfaceOrientationPortrait UIInterfaceOrientationPortraitUpsideDown UIInterfaceOrientationLandscapeLeft UIInterfaceOrientationLandscapeRight";
				INFOPLIST_KEY_UISupportedInterfaceOrientations_iPhone = "UIInterfaceOrientationPortrait UIInterfaceOrientationLandscapeLeft UIInterfaceOrientationLandscapeRight";
				LD_RUNPATH_SEARCH_PATHS = (
					"$(inherited)",
					"@executable_path/Frameworks",
				);
				MARKETING_VERSION = 1.0;
				PRODUCT_BUNDLE_IDENTIFIER = "io.shah.Rick-Morty.RickAndMorty";
				PRODUCT_NAME = "$(TARGET_NAME)";
				SWIFT_EMIT_LOC_STRINGS = YES;
				SWIFT_VERSION = 5.0;
				TARGETED_DEVICE_FAMILY = "1,2";
			};
			name = Release;
		};
/* End XCBuildConfiguration section */

/* Begin XCConfigurationList section */
		F833CFC72B3493A200FE12C2 /* Build configuration list for PBXProject "RickAndMorty" */ = {
			isa = XCConfigurationList;
			buildConfigurations = (
				F833CFDE2B3493A400FE12C2 /* Debug */,
				F833CFDF2B3493A400FE12C2 /* Release */,
			);
			defaultConfigurationIsVisible = 0;
			defaultConfigurationName = Release;
		};
		F833CFE02B3493A400FE12C2 /* Build configuration list for PBXNativeTarget "RickAndMorty" */ = {
			isa = XCConfigurationList;
			buildConfigurations = (
				F833CFE12B3493A400FE12C2 /* Debug */,
				F833CFE22B3493A400FE12C2 /* Release */,
			);
			defaultConfigurationIsVisible = 0;
			defaultConfigurationName = Release;
		};
/* End XCConfigurationList section */
	};
	rootObject = F833CFC42B3493A200FE12C2 /* Project object */;
}
